// !$*UTF8*$!
{
	archiveVersion = 1;
	classes = {
	};
	objectVersion = 56;
	objects = {

/* Begin PBXBuildFile section */
		100369882AE3CA2E009C01EE /* SearchPageViewController.swift in Sources */ = {isa = PBXBuildFile; fileRef = 100369872AE3CA2E009C01EE /* SearchPageViewController.swift */; };
		1003698A2AE3CA3E009C01EE /* HomePageViewController.swift in Sources */ = {isa = PBXBuildFile; fileRef = 100369892AE3CA3E009C01EE /* HomePageViewController.swift */; };
		1003698C2AE3CA52009C01EE /* LoginPageViewController.swift in Sources */ = {isa = PBXBuildFile; fileRef = 1003698B2AE3CA52009C01EE /* LoginPageViewController.swift */; };
		1003698F2AE3CF42009C01EE /* AccountPageViewController.swift in Sources */ = {isa = PBXBuildFile; fileRef = 1003698E2AE3CF42009C01EE /* AccountPageViewController.swift */; };
		1029F86E2AE3C1B60004A42F /* Realm in Frameworks */ = {isa = PBXBuildFile; productRef = 1029F86D2AE3C1B60004A42F /* Realm */; };
		1029F8702AE3C1B60004A42F /* RealmSwift in Frameworks */ = {isa = PBXBuildFile; productRef = 1029F86F2AE3C1B60004A42F /* RealmSwift */; };
		102AD5AC2AED6AF300D400F2 /* TypeVehicleHeaderReusableView.swift in Sources */ = {isa = PBXBuildFile; fileRef = 102AD5AB2AED6AF300D400F2 /* TypeVehicleHeaderReusableView.swift */; };
		102AD5AF2AED847C00D400F2 /* TypeVehicleHeaderCell.swift in Sources */ = {isa = PBXBuildFile; fileRef = 102AD5AE2AED847C00D400F2 /* TypeVehicleHeaderCell.swift */; };
		102AD5B12AED86E200D400F2 /* TypeVehicles.swift in Sources */ = {isa = PBXBuildFile; fileRef = 102AD5B02AED86E200D400F2 /* TypeVehicles.swift */; };
		102AD5B32AED877D00D400F2 /* TypeVehiclesGenerator.swift in Sources */ = {isa = PBXBuildFile; fileRef = 102AD5B22AED877D00D400F2 /* TypeVehiclesGenerator.swift */; };
		104503552AE83C1000E42505 /* Vehicles.swift in Sources */ = {isa = PBXBuildFile; fileRef = 104503542AE83C1000E42505 /* Vehicles.swift */; };
		104503572AE850C600E42505 /* TypeVehicleCollCell.swift in Sources */ = {isa = PBXBuildFile; fileRef = 104503562AE850C600E42505 /* TypeVehicleCollCell.swift */; };
		104503592AE8573800E42505 /* VehicleListCollCell.swift in Sources */ = {isa = PBXBuildFile; fileRef = 104503582AE8573800E42505 /* VehicleListCollCell.swift */; };
		104ACF6F2AF2AB4100FEF5C1 /* HomePageViewModel.swift in Sources */ = {isa = PBXBuildFile; fileRef = 104ACF6E2AF2AB4100FEF5C1 /* HomePageViewModel.swift */; };
		105D11352AEC074500F35299 /* VehicleGenerator.swift in Sources */ = {isa = PBXBuildFile; fileRef = 105D11342AEC074500F35299 /* VehicleGenerator.swift */; };
		10E7523C2AEB08EC00B3B398 /* VehicleListCollCellXIB.swift in Sources */ = {isa = PBXBuildFile; fileRef = 10E7523A2AEB08EC00B3B398 /* VehicleListCollCellXIB.swift */; };
		10E7523D2AEB08EC00B3B398 /* VehicleListCollCellXIB.xib in Resources */ = {isa = PBXBuildFile; fileRef = 10E7523B2AEB08EC00B3B398 /* VehicleListCollCellXIB.xib */; };
		FE9D309C2AE3A6040004F029 /* AppDelegate.swift in Sources */ = {isa = PBXBuildFile; fileRef = FE9D309B2AE3A6040004F029 /* AppDelegate.swift */; };
		FE9D309E2AE3A6040004F029 /* SceneDelegate.swift in Sources */ = {isa = PBXBuildFile; fileRef = FE9D309D2AE3A6040004F029 /* SceneDelegate.swift */; };
		FE9D30A32AE3A6040004F029 /* Main.storyboard in Resources */ = {isa = PBXBuildFile; fileRef = FE9D30A12AE3A6040004F029 /* Main.storyboard */; };
		FE9D30A62AE3A6040004F029 /* CarRentalApp.xcdatamodeld in Sources */ = {isa = PBXBuildFile; fileRef = FE9D30A42AE3A6040004F029 /* CarRentalApp.xcdatamodeld */; };
		FE9D30A82AE3A6060004F029 /* Assets.xcassets in Resources */ = {isa = PBXBuildFile; fileRef = FE9D30A72AE3A6060004F029 /* Assets.xcassets */; };
		FE9D30AB2AE3A6060004F029 /* LaunchScreen.storyboard in Resources */ = {isa = PBXBuildFile; fileRef = FE9D30A92AE3A6060004F029 /* LaunchScreen.storyboard */; };
/* End PBXBuildFile section */

/* Begin PBXFileReference section */
		100369872AE3CA2E009C01EE /* SearchPageViewController.swift */ = {isa = PBXFileReference; lastKnownFileType = sourcecode.swift; path = SearchPageViewController.swift; sourceTree = "<group>"; };
		100369892AE3CA3E009C01EE /* HomePageViewController.swift */ = {isa = PBXFileReference; lastKnownFileType = sourcecode.swift; path = HomePageViewController.swift; sourceTree = "<group>"; };
		1003698B2AE3CA52009C01EE /* LoginPageViewController.swift */ = {isa = PBXFileReference; lastKnownFileType = sourcecode.swift; path = LoginPageViewController.swift; sourceTree = "<group>"; };
		1003698E2AE3CF42009C01EE /* AccountPageViewController.swift */ = {isa = PBXFileReference; lastKnownFileType = sourcecode.swift; path = AccountPageViewController.swift; sourceTree = "<group>"; };
		102AD5AB2AED6AF300D400F2 /* TypeVehicleHeaderReusableView.swift */ = {isa = PBXFileReference; lastKnownFileType = sourcecode.swift; path = TypeVehicleHeaderReusableView.swift; sourceTree = "<group>"; };
		102AD5AE2AED847C00D400F2 /* TypeVehicleHeaderCell.swift */ = {isa = PBXFileReference; lastKnownFileType = sourcecode.swift; path = TypeVehicleHeaderCell.swift; sourceTree = "<group>"; };
		102AD5B02AED86E200D400F2 /* TypeVehicles.swift */ = {isa = PBXFileReference; lastKnownFileType = sourcecode.swift; path = TypeVehicles.swift; sourceTree = "<group>"; };
		102AD5B22AED877D00D400F2 /* TypeVehiclesGenerator.swift */ = {isa = PBXFileReference; lastKnownFileType = sourcecode.swift; path = TypeVehiclesGenerator.swift; sourceTree = "<group>"; };
		104503542AE83C1000E42505 /* Vehicles.swift */ = {isa = PBXFileReference; lastKnownFileType = sourcecode.swift; path = Vehicles.swift; sourceTree = "<group>"; };
		104503562AE850C600E42505 /* TypeVehicleCollCell.swift */ = {isa = PBXFileReference; lastKnownFileType = sourcecode.swift; path = TypeVehicleCollCell.swift; sourceTree = "<group>"; };
		104503582AE8573800E42505 /* VehicleListCollCell.swift */ = {isa = PBXFileReference; lastKnownFileType = sourcecode.swift; path = VehicleListCollCell.swift; sourceTree = "<group>"; };
		104ACF6E2AF2AB4100FEF5C1 /* HomePageViewModel.swift */ = {isa = PBXFileReference; lastKnownFileType = sourcecode.swift; path = HomePageViewModel.swift; sourceTree = "<group>"; };
		105D11342AEC074500F35299 /* VehicleGenerator.swift */ = {isa = PBXFileReference; lastKnownFileType = sourcecode.swift; path = VehicleGenerator.swift; sourceTree = "<group>"; };
		10E7523A2AEB08EC00B3B398 /* VehicleListCollCellXIB.swift */ = {isa = PBXFileReference; lastKnownFileType = sourcecode.swift; path = VehicleListCollCellXIB.swift; sourceTree = "<group>"; };
		10E7523B2AEB08EC00B3B398 /* VehicleListCollCellXIB.xib */ = {isa = PBXFileReference; lastKnownFileType = file.xib; path = VehicleListCollCellXIB.xib; sourceTree = "<group>"; };
		FE9D30982AE3A6040004F029 /* CarRentalApp.app */ = {isa = PBXFileReference; explicitFileType = wrapper.application; includeInIndex = 0; path = CarRentalApp.app; sourceTree = BUILT_PRODUCTS_DIR; };
		FE9D309B2AE3A6040004F029 /* AppDelegate.swift */ = {isa = PBXFileReference; lastKnownFileType = sourcecode.swift; path = AppDelegate.swift; sourceTree = "<group>"; };
		FE9D309D2AE3A6040004F029 /* SceneDelegate.swift */ = {isa = PBXFileReference; lastKnownFileType = sourcecode.swift; path = SceneDelegate.swift; sourceTree = "<group>"; };
		FE9D30A22AE3A6040004F029 /* Base */ = {isa = PBXFileReference; lastKnownFileType = file.storyboard; name = Base; path = Base.lproj/Main.storyboard; sourceTree = "<group>"; };
		FE9D30A52AE3A6040004F029 /* CarRentalApp.xcdatamodel */ = {isa = PBXFileReference; lastKnownFileType = wrapper.xcdatamodel; path = CarRentalApp.xcdatamodel; sourceTree = "<group>"; };
		FE9D30A72AE3A6060004F029 /* Assets.xcassets */ = {isa = PBXFileReference; lastKnownFileType = folder.assetcatalog; path = Assets.xcassets; sourceTree = "<group>"; };
		FE9D30AA2AE3A6060004F029 /* Base */ = {isa = PBXFileReference; lastKnownFileType = file.storyboard; name = Base; path = Base.lproj/LaunchScreen.storyboard; sourceTree = "<group>"; };
		FE9D30AC2AE3A6060004F029 /* Info.plist */ = {isa = PBXFileReference; lastKnownFileType = text.plist.xml; path = Info.plist; sourceTree = "<group>"; };
/* End PBXFileReference section */

/* Begin PBXFrameworksBuildPhase section */
		FE9D30952AE3A6040004F029 /* Frameworks */ = {
			isa = PBXFrameworksBuildPhase;
			buildActionMask = 2147483647;
			files = (
				1029F8702AE3C1B60004A42F /* RealmSwift in Frameworks */,
				1029F86E2AE3C1B60004A42F /* Realm in Frameworks */,
			);
			runOnlyForDeploymentPostprocessing = 0;
		};
/* End PBXFrameworksBuildPhase section */

/* Begin PBXGroup section */
		1003698D2AE3CF24009C01EE /* Account Page Controller */ = {
			isa = PBXGroup;
			children = (
				1003698E2AE3CF42009C01EE /* AccountPageViewController.swift */,
			);
			path = "Account Page Controller";
			sourceTree = "<group>";
		};
		1029F8712AE3C1C90004A42F /* Model */ = {
			isa = PBXGroup;
			children = (
				104ACF6D2AF2AAA600FEF5C1 /* Helper */,
				104503542AE83C1000E42505 /* Vehicles.swift */,
				102AD5B02AED86E200D400F2 /* TypeVehicles.swift */,
			);
			path = Model;
			sourceTree = "<group>";
		};
		1029F8722AE3C1D00004A42F /* View */ = {
			isa = PBXGroup;
			children = (
				102AD5AD2AED7EA600D400F2 /* kohne */,
				102AD5AB2AED6AF300D400F2 /* TypeVehicleHeaderReusableView.swift */,
				102AD5AE2AED847C00D400F2 /* TypeVehicleHeaderCell.swift */,
				10E7523A2AEB08EC00B3B398 /* VehicleListCollCellXIB.swift */,
				10E7523B2AEB08EC00B3B398 /* VehicleListCollCellXIB.xib */,
			);
			path = View;
			sourceTree = "<group>";
		};
		1029F8732AE3C1E80004A42F /* Controller */ = {
			isa = PBXGroup;
			children = (
				1003698D2AE3CF24009C01EE /* Account Page Controller */,
				1029F8762AE3C2480004A42F /* Search Page Controller */,
				1029F8752AE3C23A0004A42F /* Home Page Controller */,
				1029F8742AE3C1FE0004A42F /* Login Page Controller */,
			);
			path = Controller;
			sourceTree = "<group>";
		};
		1029F8742AE3C1FE0004A42F /* Login Page Controller */ = {
			isa = PBXGroup;
			children = (
				1003698B2AE3CA52009C01EE /* LoginPageViewController.swift */,
			);
			path = "Login Page Controller";
			sourceTree = "<group>";
		};
		1029F8752AE3C23A0004A42F /* Home Page Controller */ = {
			isa = PBXGroup;
			children = (
				100369892AE3CA3E009C01EE /* HomePageViewController.swift */,
			);
			path = "Home Page Controller";
			sourceTree = "<group>";
		};
		1029F8762AE3C2480004A42F /* Search Page Controller */ = {
			isa = PBXGroup;
			children = (
				100369872AE3CA2E009C01EE /* SearchPageViewController.swift */,
			);
			path = "Search Page Controller";
			sourceTree = "<group>";
		};
		102AD5AD2AED7EA600D400F2 /* kohne */ = {
			isa = PBXGroup;
			children = (
				104503562AE850C600E42505 /* TypeVehicleCollCell.swift */,
				104503582AE8573800E42505 /* VehicleListCollCell.swift */,
			);
			path = kohne;
			sourceTree = "<group>";
		};
		104ACF6C2AF2AA9400FEF5C1 /* ViewModel */ = {
			isa = PBXGroup;
			children = (
				104ACF6E2AF2AB4100FEF5C1 /* HomePageViewModel.swift */,
			);
			path = ViewModel;
			sourceTree = "<group>";
		};
		104ACF6D2AF2AAA600FEF5C1 /* Helper */ = {
			isa = PBXGroup;
			children = (
				105D11342AEC074500F35299 /* VehicleGenerator.swift */,
				102AD5B22AED877D00D400F2 /* TypeVehiclesGenerator.swift */,
			);
			path = Helper;
			sourceTree = "<group>";
		};
		FE9D308F2AE3A6040004F029 = {
			isa = PBXGroup;
			children = (
				FE9D309A2AE3A6040004F029 /* CarRentalApp */,
				FE9D30992AE3A6040004F029 /* Products */,
			);
			sourceTree = "<group>";
		};
		FE9D30992AE3A6040004F029 /* Products */ = {
			isa = PBXGroup;
			children = (
				FE9D30982AE3A6040004F029 /* CarRentalApp.app */,
			);
			name = Products;
			sourceTree = "<group>";
		};
		FE9D309A2AE3A6040004F029 /* CarRentalApp */ = {
			isa = PBXGroup;
			children = (
				104ACF6C2AF2AA9400FEF5C1 /* ViewModel */,
				1029F8732AE3C1E80004A42F /* Controller */,
				1029F8722AE3C1D00004A42F /* View */,
				1029F8712AE3C1C90004A42F /* Model */,
				FE9D309B2AE3A6040004F029 /* AppDelegate.swift */,
				FE9D309D2AE3A6040004F029 /* SceneDelegate.swift */,
				FE9D30A12AE3A6040004F029 /* Main.storyboard */,
				FE9D30A72AE3A6060004F029 /* Assets.xcassets */,
				FE9D30A92AE3A6060004F029 /* LaunchScreen.storyboard */,
				FE9D30AC2AE3A6060004F029 /* Info.plist */,
				FE9D30A42AE3A6040004F029 /* CarRentalApp.xcdatamodeld */,
			);
			path = CarRentalApp;
			sourceTree = "<group>";
		};
/* End PBXGroup section */

/* Begin PBXNativeTarget section */
		FE9D30972AE3A6040004F029 /* CarRentalApp */ = {
			isa = PBXNativeTarget;
			buildConfigurationList = FE9D30AF2AE3A6060004F029 /* Build configuration list for PBXNativeTarget "CarRentalApp" */;
			buildPhases = (
				FE9D30942AE3A6040004F029 /* Sources */,
				FE9D30952AE3A6040004F029 /* Frameworks */,
				FE9D30962AE3A6040004F029 /* Resources */,
			);
			buildRules = (
			);
			dependencies = (
			);
			name = CarRentalApp;
			packageProductDependencies = (
				1029F86D2AE3C1B60004A42F /* Realm */,
				1029F86F2AE3C1B60004A42F /* RealmSwift */,
			);
			productName = CarRentalApp;
			productReference = FE9D30982AE3A6040004F029 /* CarRentalApp.app */;
			productType = "com.apple.product-type.application";
		};
/* End PBXNativeTarget section */

/* Begin PBXProject section */
		FE9D30902AE3A6040004F029 /* Project object */ = {
			isa = PBXProject;
			attributes = {
				BuildIndependentTargetsInParallel = 1;
				LastSwiftUpdateCheck = 1500;
				LastUpgradeCheck = 1500;
				TargetAttributes = {
					FE9D30972AE3A6040004F029 = {
						CreatedOnToolsVersion = 15.0;
					};
				};
			};
			buildConfigurationList = FE9D30932AE3A6040004F029 /* Build configuration list for PBXProject "CarRentalApp" */;
			compatibilityVersion = "Xcode 14.0";
			developmentRegion = en;
			hasScannedForEncodings = 0;
			knownRegions = (
				en,
				Base,
			);
			mainGroup = FE9D308F2AE3A6040004F029;
			packageReferences = (
				1029F86C2AE3C1B60004A42F /* XCRemoteSwiftPackageReference "realm-swift" */,
			);
			productRefGroup = FE9D30992AE3A6040004F029 /* Products */;
			projectDirPath = "";
			projectRoot = "";
			targets = (
				FE9D30972AE3A6040004F029 /* CarRentalApp */,
			);
		};
/* End PBXProject section */

/* Begin PBXResourcesBuildPhase section */
		FE9D30962AE3A6040004F029 /* Resources */ = {
			isa = PBXResourcesBuildPhase;
			buildActionMask = 2147483647;
			files = (
				10E7523D2AEB08EC00B3B398 /* VehicleListCollCellXIB.xib in Resources */,
				FE9D30AB2AE3A6060004F029 /* LaunchScreen.storyboard in Resources */,
				FE9D30A82AE3A6060004F029 /* Assets.xcassets in Resources */,
				FE9D30A32AE3A6040004F029 /* Main.storyboard in Resources */,
			);
			runOnlyForDeploymentPostprocessing = 0;
		};
/* End PBXResourcesBuildPhase section */

/* Begin PBXSourcesBuildPhase section */
		FE9D30942AE3A6040004F029 /* Sources */ = {
			isa = PBXSourcesBuildPhase;
			buildActionMask = 2147483647;
			files = (
				1003698F2AE3CF42009C01EE /* AccountPageViewController.swift in Sources */,
				FE9D309C2AE3A6040004F029 /* AppDelegate.swift in Sources */,
				102AD5B32AED877D00D400F2 /* TypeVehiclesGenerator.swift in Sources */,
				FE9D30A62AE3A6040004F029 /* CarRentalApp.xcdatamodeld in Sources */,
				102AD5AF2AED847C00D400F2 /* TypeVehicleHeaderCell.swift in Sources */,
				104ACF6F2AF2AB4100FEF5C1 /* HomePageViewModel.swift in Sources */,
				FE9D309E2AE3A6040004F029 /* SceneDelegate.swift in Sources */,
				105D11352AEC074500F35299 /* VehicleGenerator.swift in Sources */,
				104503592AE8573800E42505 /* VehicleListCollCell.swift in Sources */,
				104503552AE83C1000E42505 /* Vehicles.swift in Sources */,
				102AD5AC2AED6AF300D400F2 /* TypeVehicleHeaderReusableView.swift in Sources */,
				1003698C2AE3CA52009C01EE /* LoginPageViewController.swift in Sources */,
				1003698A2AE3CA3E009C01EE /* HomePageViewController.swift in Sources */,
				10E7523C2AEB08EC00B3B398 /* VehicleListCollCellXIB.swift in Sources */,
				100369882AE3CA2E009C01EE /* SearchPageViewController.swift in Sources */,
				104503572AE850C600E42505 /* TypeVehicleCollCell.swift in Sources */,
				102AD5B12AED86E200D400F2 /* TypeVehicles.swift in Sources */,
			);
			runOnlyForDeploymentPostprocessing = 0;
		};
/* End PBXSourcesBuildPhase section */

/* Begin PBXVariantGroup section */
		FE9D30A12AE3A6040004F029 /* Main.storyboard */ = {
			isa = PBXVariantGroup;
			children = (
				FE9D30A22AE3A6040004F029 /* Base */,
			);
			name = Main.storyboard;
			sourceTree = "<group>";
		};
		FE9D30A92AE3A6060004F029 /* LaunchScreen.storyboard */ = {
			isa = PBXVariantGroup;
			children = (
				FE9D30AA2AE3A6060004F029 /* Base */,
			);
			name = LaunchScreen.storyboard;
			sourceTree = "<group>";
		};
/* End PBXVariantGroup section */

/* Begin XCBuildConfiguration section */
		FE9D30AD2AE3A6060004F029 /* Debug */ = {
			isa = XCBuildConfiguration;
			buildSettings = {
				ALWAYS_SEARCH_USER_PATHS = NO;
				ASSETCATALOG_COMPILER_GENERATE_SWIFT_ASSET_SYMBOL_EXTENSIONS = YES;
				CLANG_ANALYZER_NONNULL = YES;
				CLANG_ANALYZER_NUMBER_OBJECT_CONVERSION = YES_AGGRESSIVE;
				CLANG_CXX_LANGUAGE_STANDARD = "gnu++20";
				CLANG_ENABLE_MODULES = YES;
				CLANG_ENABLE_OBJC_ARC = YES;
				CLANG_ENABLE_OBJC_WEAK = YES;
				CLANG_WARN_BLOCK_CAPTURE_AUTORELEASING = YES;
				CLANG_WARN_BOOL_CONVERSION = YES;
				CLANG_WARN_COMMA = YES;
				CLANG_WARN_CONSTANT_CONVERSION = YES;
				CLANG_WARN_DEPRECATED_OBJC_IMPLEMENTATIONS = YES;
				CLANG_WARN_DIRECT_OBJC_ISA_USAGE = YES_ERROR;
				CLANG_WARN_DOCUMENTATION_COMMENTS = YES;
				CLANG_WARN_EMPTY_BODY = YES;
				CLANG_WARN_ENUM_CONVERSION = YES;
				CLANG_WARN_INFINITE_RECURSION = YES;
				CLANG_WARN_INT_CONVERSION = YES;
				CLANG_WARN_NON_LITERAL_NULL_CONVERSION = YES;
				CLANG_WARN_OBJC_IMPLICIT_RETAIN_SELF = YES;
				CLANG_WARN_OBJC_LITERAL_CONVERSION = YES;
				CLANG_WARN_OBJC_ROOT_CLASS = YES_ERROR;
				CLANG_WARN_QUOTED_INCLUDE_IN_FRAMEWORK_HEADER = YES;
				CLANG_WARN_RANGE_LOOP_ANALYSIS = YES;
				CLANG_WARN_STRICT_PROTOTYPES = YES;
				CLANG_WARN_SUSPICIOUS_MOVE = YES;
				CLANG_WARN_UNGUARDED_AVAILABILITY = YES_AGGRESSIVE;
				CLANG_WARN_UNREACHABLE_CODE = YES;
				CLANG_WARN__DUPLICATE_METHOD_MATCH = YES;
				COPY_PHASE_STRIP = NO;
				DEBUG_INFORMATION_FORMAT = dwarf;
				ENABLE_STRICT_OBJC_MSGSEND = YES;
				ENABLE_TESTABILITY = YES;
				ENABLE_USER_SCRIPT_SANDBOXING = YES;
				GCC_C_LANGUAGE_STANDARD = gnu17;
				GCC_DYNAMIC_NO_PIC = NO;
				GCC_NO_COMMON_BLOCKS = YES;
				GCC_OPTIMIZATION_LEVEL = 0;
				GCC_PREPROCESSOR_DEFINITIONS = (
					"DEBUG=1",
					"$(inherited)",
				);
				GCC_WARN_64_TO_32_BIT_CONVERSION = YES;
				GCC_WARN_ABOUT_RETURN_TYPE = YES_ERROR;
				GCC_WARN_UNDECLARED_SELECTOR = YES;
				GCC_WARN_UNINITIALIZED_AUTOS = YES_AGGRESSIVE;
				GCC_WARN_UNUSED_FUNCTION = YES;
				GCC_WARN_UNUSED_VARIABLE = YES;
				IPHONEOS_DEPLOYMENT_TARGET = 17.0;
				LOCALIZATION_PREFERS_STRING_CATALOGS = YES;
				MTL_ENABLE_DEBUG_INFO = INCLUDE_SOURCE;
				MTL_FAST_MATH = YES;
				ONLY_ACTIVE_ARCH = YES;
				SDKROOT = iphoneos;
				SWIFT_ACTIVE_COMPILATION_CONDITIONS = "DEBUG $(inherited)";
				SWIFT_OPTIMIZATION_LEVEL = "-Onone";
			};
			name = Debug;
		};
		FE9D30AE2AE3A6060004F029 /* Release */ = {
			isa = XCBuildConfiguration;
			buildSettings = {
				ALWAYS_SEARCH_USER_PATHS = NO;
				ASSETCATALOG_COMPILER_GENERATE_SWIFT_ASSET_SYMBOL_EXTENSIONS = YES;
				CLANG_ANALYZER_NONNULL = YES;
				CLANG_ANALYZER_NUMBER_OBJECT_CONVERSION = YES_AGGRESSIVE;
				CLANG_CXX_LANGUAGE_STANDARD = "gnu++20";
				CLANG_ENABLE_MODULES = YES;
				CLANG_ENABLE_OBJC_ARC = YES;
				CLANG_ENABLE_OBJC_WEAK = YES;
				CLANG_WARN_BLOCK_CAPTURE_AUTORELEASING = YES;
				CLANG_WARN_BOOL_CONVERSION = YES;
				CLANG_WARN_COMMA = YES;
				CLANG_WARN_CONSTANT_CONVERSION = YES;
				CLANG_WARN_DEPRECATED_OBJC_IMPLEMENTATIONS = YES;
				CLANG_WARN_DIRECT_OBJC_ISA_USAGE = YES_ERROR;
				CLANG_WARN_DOCUMENTATION_COMMENTS = YES;
				CLANG_WARN_EMPTY_BODY = YES;
				CLANG_WARN_ENUM_CONVERSION = YES;
				CLANG_WARN_INFINITE_RECURSION = YES;
				CLANG_WARN_INT_CONVERSION = YES;
				CLANG_WARN_NON_LITERAL_NULL_CONVERSION = YES;
				CLANG_WARN_OBJC_IMPLICIT_RETAIN_SELF = YES;
				CLANG_WARN_OBJC_LITERAL_CONVERSION = YES;
				CLANG_WARN_OBJC_ROOT_CLASS = YES_ERROR;
				CLANG_WARN_QUOTED_INCLUDE_IN_FRAMEWORK_HEADER = YES;
				CLANG_WARN_RANGE_LOOP_ANALYSIS = YES;
				CLANG_WARN_STRICT_PROTOTYPES = YES;
				CLANG_WARN_SUSPICIOUS_MOVE = YES;
				CLANG_WARN_UNGUARDED_AVAILABILITY = YES_AGGRESSIVE;
				CLANG_WARN_UNREACHABLE_CODE = YES;
				CLANG_WARN__DUPLICATE_METHOD_MATCH = YES;
				COPY_PHASE_STRIP = NO;
				DEBUG_INFORMATION_FORMAT = "dwarf-with-dsym";
				ENABLE_NS_ASSERTIONS = NO;
				ENABLE_STRICT_OBJC_MSGSEND = YES;
				ENABLE_USER_SCRIPT_SANDBOXING = YES;
				GCC_C_LANGUAGE_STANDARD = gnu17;
				GCC_NO_COMMON_BLOCKS = YES;
				GCC_WARN_64_TO_32_BIT_CONVERSION = YES;
				GCC_WARN_ABOUT_RETURN_TYPE = YES_ERROR;
				GCC_WARN_UNDECLARED_SELECTOR = YES;
				GCC_WARN_UNINITIALIZED_AUTOS = YES_AGGRESSIVE;
				GCC_WARN_UNUSED_FUNCTION = YES;
				GCC_WARN_UNUSED_VARIABLE = YES;
				IPHONEOS_DEPLOYMENT_TARGET = 17.0;
				LOCALIZATION_PREFERS_STRING_CATALOGS = YES;
				MTL_ENABLE_DEBUG_INFO = NO;
				MTL_FAST_MATH = YES;
				SDKROOT = iphoneos;
				SWIFT_COMPILATION_MODE = wholemodule;
				VALIDATE_PRODUCT = YES;
			};
			name = Release;
		};
		FE9D30B02AE3A6060004F029 /* Debug */ = {
			isa = XCBuildConfiguration;
			buildSettings = {
				ASSETCATALOG_COMPILER_APPICON_NAME = AppIcon;
				ASSETCATALOG_COMPILER_GLOBAL_ACCENT_COLOR_NAME = AccentColor;
				CODE_SIGN_STYLE = Automatic;
				CURRENT_PROJECT_VERSION = 1;
				DEVELOPMENT_TEAM = Y34U93D838;
				GENERATE_INFOPLIST_FILE = YES;
				INFOPLIST_FILE = CarRentalApp/Info.plist;
				INFOPLIST_KEY_UIApplicationSupportsIndirectInputEvents = YES;
				INFOPLIST_KEY_UILaunchStoryboardName = LaunchScreen;
				INFOPLIST_KEY_UIMainStoryboardFile = Main;
				INFOPLIST_KEY_UISupportedInterfaceOrientations_iPad = "UIInterfaceOrientationPortrait UIInterfaceOrientationPortraitUpsideDown UIInterfaceOrientationLandscapeLeft UIInterfaceOrientationLandscapeRight";
				INFOPLIST_KEY_UISupportedInterfaceOrientations_iPhone = "UIInterfaceOrientationPortrait UIInterfaceOrientationLandscapeLeft UIInterfaceOrientationLandscapeRight";
				LD_RUNPATH_SEARCH_PATHS = (
					"$(inherited)",
					"@executable_path/Frameworks",
				);
				MARKETING_VERSION = 1.0;
				PRODUCT_BUNDLE_IDENTIFIER = com.shamkhal.CarRentalApp;
				PRODUCT_NAME = "$(TARGET_NAME)";
				SWIFT_EMIT_LOC_STRINGS = YES;
				SWIFT_VERSION = 5.0;
				TARGETED_DEVICE_FAMILY = "1,2";
			};
			name = Debug;
		};
		FE9D30B12AE3A6060004F029 /* Release */ = {
			isa = XCBuildConfiguration;
			buildSettings = {
				ASSETCATALOG_COMPILER_APPICON_NAME = AppIcon;
				ASSETCATALOG_COMPILER_GLOBAL_ACCENT_COLOR_NAME = AccentColor;
				CODE_SIGN_STYLE = Automatic;
				CURRENT_PROJECT_VERSION = 1;
				DEVELOPMENT_TEAM = Y34U93D838;
				GENERATE_INFOPLIST_FILE = YES;
				INFOPLIST_FILE = CarRentalApp/Info.plist;
				INFOPLIST_KEY_UIApplicationSupportsIndirectInputEvents = YES;
				INFOPLIST_KEY_UILaunchStoryboardName = LaunchScreen;
				INFOPLIST_KEY_UIMainStoryboardFile = Main;
				INFOPLIST_KEY_UISupportedInterfaceOrientations_iPad = "UIInterfaceOrientationPortrait UIInterfaceOrientationPortraitUpsideDown UIInterfaceOrientationLandscapeLeft UIInterfaceOrientationLandscapeRight";
				INFOPLIST_KEY_UISupportedInterfaceOrientations_iPhone = "UIInterfaceOrientationPortrait UIInterfaceOrientationLandscapeLeft UIInterfaceOrientationLandscapeRight";
				LD_RUNPATH_SEARCH_PATHS = (
					"$(inherited)",
					"@executable_path/Frameworks",
				);
				MARKETING_VERSION = 1.0;
				PRODUCT_BUNDLE_IDENTIFIER = com.shamkhal.CarRentalApp;
				PRODUCT_NAME = "$(TARGET_NAME)";
				SWIFT_EMIT_LOC_STRINGS = YES;
				SWIFT_VERSION = 5.0;
				TARGETED_DEVICE_FAMILY = "1,2";
			};
			name = Release;
		};
/* End XCBuildConfiguration section */

/* Begin XCConfigurationList section */
		FE9D30932AE3A6040004F029 /* Build configuration list for PBXProject "CarRentalApp" */ = {
			isa = XCConfigurationList;
			buildConfigurations = (
				FE9D30AD2AE3A6060004F029 /* Debug */,
				FE9D30AE2AE3A6060004F029 /* Release */,
			);
			defaultConfigurationIsVisible = 0;
			defaultConfigurationName = Release;
		};
		FE9D30AF2AE3A6060004F029 /* Build configuration list for PBXNativeTarget "CarRentalApp" */ = {
			isa = XCConfigurationList;
			buildConfigurations = (
				FE9D30B02AE3A6060004F029 /* Debug */,
				FE9D30B12AE3A6060004F029 /* Release */,
			);
			defaultConfigurationIsVisible = 0;
			defaultConfigurationName = Release;
		};
/* End XCConfigurationList section */

/* Begin XCRemoteSwiftPackageReference section */
		1029F86C2AE3C1B60004A42F /* XCRemoteSwiftPackageReference "realm-swift" */ = {
			isa = XCRemoteSwiftPackageReference;
			repositoryURL = "https://github.com/realm/realm-swift.git";
			requirement = {
				branch = master;
				kind = branch;
			};
		};
/* End XCRemoteSwiftPackageReference section */

/* Begin XCSwiftPackageProductDependency section */
		1029F86D2AE3C1B60004A42F /* Realm */ = {
			isa = XCSwiftPackageProductDependency;
			package = 1029F86C2AE3C1B60004A42F /* XCRemoteSwiftPackageReference "realm-swift" */;
			productName = Realm;
		};
		1029F86F2AE3C1B60004A42F /* RealmSwift */ = {
			isa = XCSwiftPackageProductDependency;
			package = 1029F86C2AE3C1B60004A42F /* XCRemoteSwiftPackageReference "realm-swift" */;
			productName = RealmSwift;
		};
/* End XCSwiftPackageProductDependency section */

/* Begin XCVersionGroup section */
		FE9D30A42AE3A6040004F029 /* CarRentalApp.xcdatamodeld */ = {
			isa = XCVersionGroup;
			children = (
				FE9D30A52AE3A6040004F029 /* CarRentalApp.xcdatamodel */,
			);
			currentVersion = FE9D30A52AE3A6040004F029 /* CarRentalApp.xcdatamodel */;
			path = CarRentalApp.xcdatamodeld;
			sourceTree = "<group>";
			versionGroupType = wrapper.xcdatamodel;
		};
/* End XCVersionGroup section */
	};
	rootObject = FE9D30902AE3A6040004F029 /* Project object */;
}
